// !$*UTF8*$!
{
	archiveVersion = 1;
	classes = {
	};
	objectVersion = 77;
	objects = {

/* Begin PBXBuildFile section */
		69A1EF5D2D8C180400E4B8EC /* CategoryEntity.swift in Sources */ = {isa = PBXBuildFile; fileRef = 69A1EF5C2D8C180400E4B8EC /* CategoryEntity.swift */; };
		69A1EF652D8C1C0B00E4B8EC /* CategoryContract.swift in Sources */ = {isa = PBXBuildFile; fileRef = 69A1EF602D8C1C0B00E4B8EC /* CategoryContract.swift */; };
		69A1EF662D8C1C0B00E4B8EC /* CategoryInteractor.swift in Sources */ = {isa = PBXBuildFile; fileRef = 69A1EF612D8C1C0B00E4B8EC /* CategoryInteractor.swift */; };
		69A1EF672D8C1C0B00E4B8EC /* CategoryPresenter.swift in Sources */ = {isa = PBXBuildFile; fileRef = 69A1EF622D8C1C0B00E4B8EC /* CategoryPresenter.swift */; };
		69A1EF682D8C1C0B00E4B8EC /* CategoryRouter.swift in Sources */ = {isa = PBXBuildFile; fileRef = 69A1EF632D8C1C0B00E4B8EC /* CategoryRouter.swift */; };
		69A1EF752D8C300F00E4B8EC /* MainInteractor.swift in Sources */ = {isa = PBXBuildFile; fileRef = 69A1EF712D8C300F00E4B8EC /* MainInteractor.swift */; };
		69A1EF772D8C300F00E4B8EC /* MainPresenter.swift in Sources */ = {isa = PBXBuildFile; fileRef = 69A1EF722D8C300F00E4B8EC /* MainPresenter.swift */; };
		69A1EF782D8C300F00E4B8EC /* MainRouter.swift in Sources */ = {isa = PBXBuildFile; fileRef = 69A1EF732D8C300F00E4B8EC /* MainRouter.swift */; };
		69A1EF792D8C300F00E4B8EC /* MainContract.swift in Sources */ = {isa = PBXBuildFile; fileRef = 69A1EF702D8C300F00E4B8EC /* MainContract.swift */; };
		69A1EF802D8C304200E4B8EC /* MainViewController.swift in Sources */ = {isa = PBXBuildFile; fileRef = 69A1EF7E2D8C304200E4B8EC /* MainViewController.swift */; };
		69A1EF812D8C304200E4B8EC /* Main.storyboard in Resources */ = {isa = PBXBuildFile; fileRef = 69A1EF7D2D8C304200E4B8EC /* Main.storyboard */; };
		69A1EF892D8C31B000E4B8EC /* BaseView.swift in Sources */ = {isa = PBXBuildFile; fileRef = 69A1EF872D8C31B000E4B8EC /* BaseView.swift */; };
		69A1EF8A2D8C31B000E4B8EC /* BaseViewController.swift in Sources */ = {isa = PBXBuildFile; fileRef = 69A1EF882D8C31B000E4B8EC /* BaseViewController.swift */; };
		69A1EF8B2D8C31B000E4B8EC /* BaseInteractor.swift in Sources */ = {isa = PBXBuildFile; fileRef = 69A1EF862D8C31B000E4B8EC /* BaseInteractor.swift */; };
		69A90A502D84306D003A2255 /* AppDelegate.swift in Sources */ = {isa = PBXBuildFile; fileRef = 69A90A4F2D84306D003A2255 /* AppDelegate.swift */; };
		69A90A522D84306D003A2255 /* SceneDelegate.swift in Sources */ = {isa = PBXBuildFile; fileRef = 69A90A512D84306D003A2255 /* SceneDelegate.swift */; };
		69A90A592D843070003A2255 /* Assets.xcassets in Resources */ = {isa = PBXBuildFile; fileRef = 69A90A582D843070003A2255 /* Assets.xcassets */; };
		69A90A5C2D843070003A2255 /* LaunchScreen.storyboard in Resources */ = {isa = PBXBuildFile; fileRef = 69A90A5A2D843070003A2255 /* LaunchScreen.storyboard */; };
		69B8F68E2D8AB71E0082E324 /* NoteManager.swift in Sources */ = {isa = PBXBuildFile; fileRef = 69B8F68D2D8AB71E0082E324 /* NoteManager.swift */; };
		69B8F6902D8AE95A0082E324 /* HowToDoViper.swift in Sources */ = {isa = PBXBuildFile; fileRef = 69B8F68F2D8AE95A0082E324 /* HowToDoViper.swift */; };
		69B8F6A62D8AF9B40082E324 /* NoteRouter.swift in Sources */ = {isa = PBXBuildFile; fileRef = 69B8F6A32D8AF9B40082E324 /* NoteRouter.swift */; };
		69B8F6A72D8AF9B40082E324 /* NoteInteractor.swift in Sources */ = {isa = PBXBuildFile; fileRef = 69B8F6A12D8AF9B40082E324 /* NoteInteractor.swift */; };
		69B8F6A92D8AF9B40082E324 /* NoteContract.swift in Sources */ = {isa = PBXBuildFile; fileRef = 69B8F6A02D8AF9B40082E324 /* NoteContract.swift */; };
		69B8F6AA2D8AF9B40082E324 /* NotePresenter.swift in Sources */ = {isa = PBXBuildFile; fileRef = 69B8F6A22D8AF9B40082E324 /* NotePresenter.swift */; };
		69B8F6AC2D8AFB020082E324 /* NoteEntity.swift in Sources */ = {isa = PBXBuildFile; fileRef = 69B8F6AB2D8AFB020082E324 /* NoteEntity.swift */; };
		69E7DF6F2D89AA2200E84C1A /* UIStoryboardExtension.swift in Sources */ = {isa = PBXBuildFile; fileRef = 69E7DF6E2D89AA2200E84C1A /* UIStoryboardExtension.swift */; };
/* End PBXBuildFile section */

/* Begin PBXFileReference section */
		698D1EE62D8D8A860035FC3C /* SecondContract.swift */ = {isa = PBXFileReference; lastKnownFileType = sourcecode.swift; path = SecondContract.swift; sourceTree = "<group>"; };
		698D1EE82D8D8A860035FC3C /* Second.storyboard */ = {isa = PBXFileReference; lastKnownFileType = file.storyboard; path = Second.storyboard; sourceTree = "<group>"; };
		698D1EE92D8D8A860035FC3C /* SecondViewController.swift */ = {isa = PBXFileReference; lastKnownFileType = sourcecode.swift; path = SecondViewController.swift; sourceTree = "<group>"; };
		698D1EEB2D8D8A860035FC3C /* SecondInteractor.swift */ = {isa = PBXFileReference; lastKnownFileType = sourcecode.swift; path = SecondInteractor.swift; sourceTree = "<group>"; };
		698D1EED2D8D8A860035FC3C /* SecondPresenter.swift */ = {isa = PBXFileReference; lastKnownFileType = sourcecode.swift; path = SecondPresenter.swift; sourceTree = "<group>"; };
		698D1EEF2D8D8A860035FC3C /* SecondRouter.swift */ = {isa = PBXFileReference; lastKnownFileType = sourcecode.swift; path = SecondRouter.swift; sourceTree = "<group>"; };
		69A1EF5C2D8C180400E4B8EC /* CategoryEntity.swift */ = {isa = PBXFileReference; lastKnownFileType = sourcecode.swift; path = CategoryEntity.swift; sourceTree = "<group>"; };
		69A1EF602D8C1C0B00E4B8EC /* CategoryContract.swift */ = {isa = PBXFileReference; lastKnownFileType = sourcecode.swift; path = CategoryContract.swift; sourceTree = "<group>"; };
		69A1EF612D8C1C0B00E4B8EC /* CategoryInteractor.swift */ = {isa = PBXFileReference; lastKnownFileType = sourcecode.swift; path = CategoryInteractor.swift; sourceTree = "<group>"; };
		69A1EF622D8C1C0B00E4B8EC /* CategoryPresenter.swift */ = {isa = PBXFileReference; lastKnownFileType = sourcecode.swift; path = CategoryPresenter.swift; sourceTree = "<group>"; };
		69A1EF632D8C1C0B00E4B8EC /* CategoryRouter.swift */ = {isa = PBXFileReference; lastKnownFileType = sourcecode.swift; path = CategoryRouter.swift; sourceTree = "<group>"; };
		69A1EF702D8C300F00E4B8EC /* MainContract.swift */ = {isa = PBXFileReference; lastKnownFileType = sourcecode.swift; path = MainContract.swift; sourceTree = "<group>"; };
		69A1EF712D8C300F00E4B8EC /* MainInteractor.swift */ = {isa = PBXFileReference; lastKnownFileType = sourcecode.swift; path = MainInteractor.swift; sourceTree = "<group>"; };
		69A1EF722D8C300F00E4B8EC /* MainPresenter.swift */ = {isa = PBXFileReference; lastKnownFileType = sourcecode.swift; path = MainPresenter.swift; sourceTree = "<group>"; };
		69A1EF732D8C300F00E4B8EC /* MainRouter.swift */ = {isa = PBXFileReference; lastKnownFileType = sourcecode.swift; path = MainRouter.swift; sourceTree = "<group>"; };
		69A1EF7C2D8C304200E4B8EC /* Base */ = {isa = PBXFileReference; lastKnownFileType = file.storyboard; name = Base; path = Base.lproj/Main.storyboard; sourceTree = "<group>"; };
		69A1EF7E2D8C304200E4B8EC /* MainViewController.swift */ = {isa = PBXFileReference; lastKnownFileType = sourcecode.swift; path = MainViewController.swift; sourceTree = "<group>"; };
		69A1EF862D8C31B000E4B8EC /* BaseInteractor.swift */ = {isa = PBXFileReference; lastKnownFileType = sourcecode.swift; path = BaseInteractor.swift; sourceTree = "<group>"; };
		69A1EF872D8C31B000E4B8EC /* BaseView.swift */ = {isa = PBXFileReference; lastKnownFileType = sourcecode.swift; path = BaseView.swift; sourceTree = "<group>"; };
		69A1EF882D8C31B000E4B8EC /* BaseViewController.swift */ = {isa = PBXFileReference; lastKnownFileType = sourcecode.swift; path = BaseViewController.swift; sourceTree = "<group>"; };
		69A90A4C2D84306D003A2255 /* ViperTRY.app */ = {isa = PBXFileReference; explicitFileType = wrapper.application; includeInIndex = 0; name = ViperTRY.app; path = "/Users/emreicmen/Desktop/EmreIosProjects/ViperTRY/build/Debug-iphoneos/ViperTRY.app"; sourceTree = "<absolute>"; };
		69A90A4F2D84306D003A2255 /* AppDelegate.swift */ = {isa = PBXFileReference; lastKnownFileType = sourcecode.swift; path = AppDelegate.swift; sourceTree = "<group>"; };
		69A90A512D84306D003A2255 /* SceneDelegate.swift */ = {isa = PBXFileReference; lastKnownFileType = sourcecode.swift; path = SceneDelegate.swift; sourceTree = "<group>"; };
		69A90A582D843070003A2255 /* Assets.xcassets */ = {isa = PBXFileReference; lastKnownFileType = folder.assetcatalog; path = Assets.xcassets; sourceTree = "<group>"; };
		69A90A5B2D843070003A2255 /* Base */ = {isa = PBXFileReference; lastKnownFileType = file.storyboard; name = Base; path = Base.lproj/LaunchScreen.storyboard; sourceTree = "<group>"; };
		69A90A5D2D843070003A2255 /* Info.plist */ = {isa = PBXFileReference; lastKnownFileType = text.plist.xml; path = Info.plist; sourceTree = "<group>"; };
		69B8F68D2D8AB71E0082E324 /* NoteManager.swift */ = {isa = PBXFileReference; lastKnownFileType = sourcecode.swift; path = NoteManager.swift; sourceTree = "<group>"; };
		69B8F68F2D8AE95A0082E324 /* HowToDoViper.swift */ = {isa = PBXFileReference; lastKnownFileType = sourcecode.swift; path = HowToDoViper.swift; sourceTree = "<group>"; };
		69B8F6A02D8AF9B40082E324 /* NoteContract.swift */ = {isa = PBXFileReference; lastKnownFileType = sourcecode.swift; path = NoteContract.swift; sourceTree = "<group>"; };
		69B8F6A12D8AF9B40082E324 /* NoteInteractor.swift */ = {isa = PBXFileReference; lastKnownFileType = sourcecode.swift; path = NoteInteractor.swift; sourceTree = "<group>"; };
		69B8F6A22D8AF9B40082E324 /* NotePresenter.swift */ = {isa = PBXFileReference; lastKnownFileType = sourcecode.swift; path = NotePresenter.swift; sourceTree = "<group>"; };
		69B8F6A32D8AF9B40082E324 /* NoteRouter.swift */ = {isa = PBXFileReference; lastKnownFileType = sourcecode.swift; path = NoteRouter.swift; sourceTree = "<group>"; };
		69B8F6AB2D8AFB020082E324 /* NoteEntity.swift */ = {isa = PBXFileReference; lastKnownFileType = sourcecode.swift; path = NoteEntity.swift; sourceTree = "<group>"; };
		69E7DF6E2D89AA2200E84C1A /* UIStoryboardExtension.swift */ = {isa = PBXFileReference; lastKnownFileType = sourcecode.swift; path = UIStoryboardExtension.swift; sourceTree = "<group>"; };
/* End PBXFileReference section */

/* Begin PBXFrameworksBuildPhase section */
		69A90A492D84306D003A2255 /* Frameworks */ = {
			isa = PBXFrameworksBuildPhase;
			buildActionMask = 2147483647;
			files = (
			);
			runOnlyForDeploymentPostprocessing = 0;
		};
/* End PBXFrameworksBuildPhase section */

/* Begin PBXGroup section */
		698D1EE72D8D8A860035FC3C /* Contract */ = {
			isa = PBXGroup;
			children = (
				698D1EE62D8D8A860035FC3C /* SecondContract.swift */,
			);
			path = Contract;
			sourceTree = "<group>";
		};
		698D1EEA2D8D8A860035FC3C /* View */ = {
			isa = PBXGroup;
			children = (
				698D1EE82D8D8A860035FC3C /* Second.storyboard */,
				698D1EE92D8D8A860035FC3C /* SecondViewController.swift */,
			);
			path = View;
			sourceTree = "<group>";
		};
		698D1EEC2D8D8A860035FC3C /* Interactor */ = {
			isa = PBXGroup;
			children = (
				698D1EEB2D8D8A860035FC3C /* SecondInteractor.swift */,
			);
			path = Interactor;
			sourceTree = "<group>";
		};
		698D1EEE2D8D8A860035FC3C /* Presenter */ = {
			isa = PBXGroup;
			children = (
				698D1EED2D8D8A860035FC3C /* SecondPresenter.swift */,
			);
			path = Presenter;
			sourceTree = "<group>";
		};
		698D1EF02D8D8A860035FC3C /* Router */ = {
			isa = PBXGroup;
			children = (
				698D1EEF2D8D8A860035FC3C /* SecondRouter.swift */,
			);
			path = Router;
			sourceTree = "<group>";
		};
		698D1EF12D8D8A860035FC3C /* Second */ = {
			isa = PBXGroup;
			children = (
				698D1EE72D8D8A860035FC3C /* Contract */,
				698D1EEA2D8D8A860035FC3C /* View */,
				698D1EEC2D8D8A860035FC3C /* Interactor */,
				698D1EEE2D8D8A860035FC3C /* Presenter */,
				698D1EF02D8D8A860035FC3C /* Router */,
			);
			path = Second;
			sourceTree = "<group>";
		};
		69A1EF552D8C106A00E4B8EC /* Router */ = {
			isa = PBXGroup;
			children = (
				69B8F6A32D8AF9B40082E324 /* NoteRouter.swift */,
			);
			path = Router;
			sourceTree = "<group>";
		};
		69A1EF562D8C107700E4B8EC /* Interactor */ = {
			isa = PBXGroup;
			children = (
				69B8F6A12D8AF9B40082E324 /* NoteInteractor.swift */,
			);
			path = Interactor;
			sourceTree = "<group>";
		};
		69A1EF572D8C107F00E4B8EC /* Presenter */ = {
			isa = PBXGroup;
			children = (
				69B8F6A22D8AF9B40082E324 /* NotePresenter.swift */,
			);
			path = Presenter;
			sourceTree = "<group>";
		};
		69A1EF582D8C109200E4B8EC /* Contract */ = {
			isa = PBXGroup;
			children = (
				69B8F6A02D8AF9B40082E324 /* NoteContract.swift */,
			);
			path = Contract;
			sourceTree = "<group>";
		};
		69A1EF5A2D8C116B00E4B8EC /* Entities */ = {
			isa = PBXGroup;
			children = (
				69B8F6AB2D8AFB020082E324 /* NoteEntity.swift */,
				69A1EF5C2D8C180400E4B8EC /* CategoryEntity.swift */,
			);
			path = Entities;
			sourceTree = "<group>";
		};
		69A1EF5B2D8C12DA00E4B8EC /* Delegates */ = {
			isa = PBXGroup;
			children = (
				69A90A4F2D84306D003A2255 /* AppDelegate.swift */,
				69A90A512D84306D003A2255 /* SceneDelegate.swift */,
			);
			path = Delegates;
			sourceTree = "<group>";
		};
		69A1EF5E2D8C1B9E00E4B8EC /* Category */ = {
			isa = PBXGroup;
			children = (
				69A1EF6D2D8C1E3A00E4B8EC /* Interactor */,
				69A1EF6E2D8C1E5000E4B8EC /* Presenter */,
				69A1EF6C2D8C1E3400E4B8EC /* Contract */,
				69A1EF6B2D8C1E2300E4B8EC /* Router */,
			);
			path = Category;
			sourceTree = "<group>";
		};
		69A1EF6B2D8C1E2300E4B8EC /* Router */ = {
			isa = PBXGroup;
			children = (
				69A1EF632D8C1C0B00E4B8EC /* CategoryRouter.swift */,
			);
			path = Router;
			sourceTree = "<group>";
		};
		69A1EF6C2D8C1E3400E4B8EC /* Contract */ = {
			isa = PBXGroup;
			children = (
				69A1EF602D8C1C0B00E4B8EC /* CategoryContract.swift */,
			);
			path = Contract;
			sourceTree = "<group>";
		};
		69A1EF6D2D8C1E3A00E4B8EC /* Interactor */ = {
			isa = PBXGroup;
			children = (
				69A1EF612D8C1C0B00E4B8EC /* CategoryInteractor.swift */,
			);
			path = Interactor;
			sourceTree = "<group>";
		};
		69A1EF6E2D8C1E5000E4B8EC /* Presenter */ = {
			isa = PBXGroup;
			children = (
				69A1EF622D8C1C0B00E4B8EC /* CategoryPresenter.swift */,
			);
			path = Presenter;
			sourceTree = "<group>";
		};
		69A1EF7B2D8C301700E4B8EC /* Contract */ = {
			isa = PBXGroup;
			children = (
				69A1EF702D8C300F00E4B8EC /* MainContract.swift */,
			);
			path = Contract;
			sourceTree = "<group>";
		};
		69A1EF7F2D8C304200E4B8EC /* View */ = {
			isa = PBXGroup;
			children = (
				69A1EF7D2D8C304200E4B8EC /* Main.storyboard */,
				69A1EF7E2D8C304200E4B8EC /* MainViewController.swift */,
			);
			path = View;
			sourceTree = "<group>";
		};
		69A1EF822D8C306100E4B8EC /* Main */ = {
			isa = PBXGroup;
			children = (
				69A1EF7B2D8C301700E4B8EC /* Contract */,
				69A1EF7F2D8C304200E4B8EC /* View */,
				69A1EF832D8C306A00E4B8EC /* Interactor */,
				69A1EF842D8C307500E4B8EC /* Presenter */,
				69A1EF852D8C307E00E4B8EC /* Router */,
			);
			path = Main;
			sourceTree = "<group>";
		};
		69A1EF832D8C306A00E4B8EC /* Interactor */ = {
			isa = PBXGroup;
			children = (
				69A1EF712D8C300F00E4B8EC /* MainInteractor.swift */,
			);
			path = Interactor;
			sourceTree = "<group>";
		};
		69A1EF842D8C307500E4B8EC /* Presenter */ = {
			isa = PBXGroup;
			children = (
				69A1EF722D8C300F00E4B8EC /* MainPresenter.swift */,
			);
			path = Presenter;
			sourceTree = "<group>";
		};
		69A1EF852D8C307E00E4B8EC /* Router */ = {
			isa = PBXGroup;
			children = (
				69A1EF732D8C300F00E4B8EC /* MainRouter.swift */,
			);
			path = Router;
			sourceTree = "<group>";
		};
		69A90A432D84306D003A2255 = {
			isa = PBXGroup;
			children = (
				69A90A722D84311E003A2255 /* ViperExample */,
				698D1EF12D8D8A860035FC3C /* Second */,
			);
			sourceTree = "<group>";
		};
		69A90A722D84311E003A2255 /* ViperExample */ = {
			isa = PBXGroup;
			children = (
				69A1EF862D8C31B000E4B8EC /* BaseInteractor.swift */,
				69A1EF872D8C31B000E4B8EC /* BaseView.swift */,
				69A1EF882D8C31B000E4B8EC /* BaseViewController.swift */,
				69B8F68F2D8AE95A0082E324 /* HowToDoViper.swift */,
				69A1EF5B2D8C12DA00E4B8EC /* Delegates */,
				69B8F66D2D8AA9160082E324 /* Viper */,
				69B8F6692D8AA4750082E324 /* Extensions */,
				69A1EF5A2D8C116B00E4B8EC /* Entities */,
				69B8F66A2D8AA4850082E324 /* Modules */,
				69A90A742D843147003A2255 /* Resource */,
				69B8F68C2D8AB7090082E324 /* Managers */,
			);
			path = ViperExample;
			sourceTree = "<group>";
		};
		69A90A742D843147003A2255 /* Resource */ = {
			isa = PBXGroup;
			children = (
				69A90A582D843070003A2255 /* Assets.xcassets */,
				69A90A5D2D843070003A2255 /* Info.plist */,
				69A90A5A2D843070003A2255 /* LaunchScreen.storyboard */,
			);
			path = Resource;
			sourceTree = "<group>";
		};
		69B8F6692D8AA4750082E324 /* Extensions */ = {
			isa = PBXGroup;
			children = (
				69E7DF6E2D89AA2200E84C1A /* UIStoryboardExtension.swift */,
			);
			path = Extensions;
			sourceTree = "<group>";
		};
		69B8F66A2D8AA4850082E324 /* Modules */ = {
			isa = PBXGroup;
			children = (
			);
			path = Modules;
			sourceTree = "<group>";
		};
		69B8F66D2D8AA9160082E324 /* Viper */ = {
			isa = PBXGroup;
			children = (
				69B8F69E2D8AF9040082E324 /* Note */,
				69A1EF5E2D8C1B9E00E4B8EC /* Category */,
				69A1EF822D8C306100E4B8EC /* Main */,
			);
			path = Viper;
			sourceTree = "<group>";
		};
		69B8F68C2D8AB7090082E324 /* Managers */ = {
			isa = PBXGroup;
			children = (
				69B8F68D2D8AB71E0082E324 /* NoteManager.swift */,
			);
			path = Managers;
			sourceTree = "<group>";
		};
		69B8F69E2D8AF9040082E324 /* Note */ = {
			isa = PBXGroup;
			children = (
				69A1EF562D8C107700E4B8EC /* Interactor */,
				69A1EF572D8C107F00E4B8EC /* Presenter */,
				69A1EF582D8C109200E4B8EC /* Contract */,
				69A1EF552D8C106A00E4B8EC /* Router */,
			);
			path = Note;
			sourceTree = "<group>";
		};
/* End PBXGroup section */

/* Begin PBXNativeTarget section */
		69A90A4B2D84306D003A2255 /* ViperTRY */ = {
			isa = PBXNativeTarget;
			buildConfigurationList = 69A90A5F2D843070003A2255 /* Build configuration list for PBXNativeTarget "ViperTRY" */;
			buildPhases = (
				69A90A482D84306D003A2255 /* Sources */,
				69A90A492D84306D003A2255 /* Frameworks */,
				69A90A4A2D84306D003A2255 /* Resources */,
			);
			buildRules = (
			);
			dependencies = (
			);
			name = ViperTRY;
			packageProductDependencies = (
			);
			productName = ViperTRY;
			productReference = 69A90A4C2D84306D003A2255 /* ViperTRY.app */;
			productType = "com.apple.product-type.application";
		};
/* End PBXNativeTarget section */

/* Begin PBXProject section */
		69A90A442D84306D003A2255 /* Project object */ = {
			isa = PBXProject;
			attributes = {
				BuildIndependentTargetsInParallel = 1;
				LastSwiftUpdateCheck = 1620;
				LastUpgradeCheck = 1620;
				TargetAttributes = {
					69A90A4B2D84306D003A2255 = {
						CreatedOnToolsVersion = 16.2;
					};
				};
			};
			buildConfigurationList = 69A90A472D84306D003A2255 /* Build configuration list for PBXProject "ViperTRY" */;
			developmentRegion = en;
			hasScannedForEncodings = 0;
			knownRegions = (
				en,
				Base,
			);
			mainGroup = 69A90A432D84306D003A2255;
			minimizedProjectReferenceProxies = 1;
			preferredProjectObjectVersion = 77;
			productRefGroup = 69A90A432D84306D003A2255;
			projectDirPath = "";
			projectRoot = "";
			targets = (
				69A90A4B2D84306D003A2255 /* ViperTRY */,
			);
		};
/* End PBXProject section */

/* Begin PBXResourcesBuildPhase section */
		69A90A4A2D84306D003A2255 /* Resources */ = {
			isa = PBXResourcesBuildPhase;
			buildActionMask = 2147483647;
			files = (
				69A1EF812D8C304200E4B8EC /* Main.storyboard in Resources */,
				69A90A5C2D843070003A2255 /* LaunchScreen.storyboard in Resources */,
				69A90A592D843070003A2255 /* Assets.xcassets in Resources */,
			);
			runOnlyForDeploymentPostprocessing = 0;
		};
/* End PBXResourcesBuildPhase section */

/* Begin PBXSourcesBuildPhase section */
		69A90A482D84306D003A2255 /* Sources */ = {
			isa = PBXSourcesBuildPhase;
			buildActionMask = 2147483647;
			files = (
				69B8F6902D8AE95A0082E324 /* HowToDoViper.swift in Sources */,
				69E7DF6F2D89AA2200E84C1A /* UIStoryboardExtension.swift in Sources */,
				69A1EF752D8C300F00E4B8EC /* MainInteractor.swift in Sources */,
				69A1EF772D8C300F00E4B8EC /* MainPresenter.swift in Sources */,
				69A1EF782D8C300F00E4B8EC /* MainRouter.swift in Sources */,
				69A1EF792D8C300F00E4B8EC /* MainContract.swift in Sources */,
				69B8F68E2D8AB71E0082E324 /* NoteManager.swift in Sources */,
				69B8F6AC2D8AFB020082E324 /* NoteEntity.swift in Sources */,
				69A90A502D84306D003A2255 /* AppDelegate.swift in Sources */,
				69A90A522D84306D003A2255 /* SceneDelegate.swift in Sources */,
				69A1EF802D8C304200E4B8EC /* MainViewController.swift in Sources */,
				69B8F6A62D8AF9B40082E324 /* NoteRouter.swift in Sources */,
				69B8F6A72D8AF9B40082E324 /* NoteInteractor.swift in Sources */,
				69B8F6A92D8AF9B40082E324 /* NoteContract.swift in Sources */,
				69A1EF652D8C1C0B00E4B8EC /* CategoryContract.swift in Sources */,
				69A1EF662D8C1C0B00E4B8EC /* CategoryInteractor.swift in Sources */,
				69A1EF672D8C1C0B00E4B8EC /* CategoryPresenter.swift in Sources */,
				69A1EF892D8C31B000E4B8EC /* BaseView.swift in Sources */,
				69A1EF8A2D8C31B000E4B8EC /* BaseViewController.swift in Sources */,
				69A1EF8B2D8C31B000E4B8EC /* BaseInteractor.swift in Sources */,
				69A1EF682D8C1C0B00E4B8EC /* CategoryRouter.swift in Sources */,
				69A1EF5D2D8C180400E4B8EC /* CategoryEntity.swift in Sources */,
				69B8F6AA2D8AF9B40082E324 /* NotePresenter.swift in Sources */,
			);
			runOnlyForDeploymentPostprocessing = 0;
		};
/* End PBXSourcesBuildPhase section */

/* Begin PBXVariantGroup section */
		69A1EF7D2D8C304200E4B8EC /* Main.storyboard */ = {
			isa = PBXVariantGroup;
			children = (
				69A1EF7C2D8C304200E4B8EC /* Base */,
			);
			name = Main.storyboard;
			sourceTree = "<group>";
		};
		69A90A5A2D843070003A2255 /* LaunchScreen.storyboard */ = {
			isa = PBXVariantGroup;
			children = (
				69A90A5B2D843070003A2255 /* Base */,
			);
			name = LaunchScreen.storyboard;
			sourceTree = "<group>";
		};
/* End PBXVariantGroup section */

/* Begin XCBuildConfiguration section */
		69A90A602D843070003A2255 /* Debug */ = {
			isa = XCBuildConfiguration;
			buildSettings = {
				ASSETCATALOG_COMPILER_APPICON_NAME = AppIcon;
				ASSETCATALOG_COMPILER_GLOBAL_ACCENT_COLOR_NAME = AccentColor;
				CODE_SIGN_STYLE = Automatic;
				CURRENT_PROJECT_VERSION = 1;
				DEVELOPMENT_TEAM = AQAGJQ52MF;
				GENERATE_INFOPLIST_FILE = YES;
				INFOPLIST_FILE = ViperExample/Resource/Info.plist;
				INFOPLIST_KEY_UIApplicationSupportsIndirectInputEvents = YES;
				INFOPLIST_KEY_UILaunchStoryboardName = LaunchScreen;
				INFOPLIST_KEY_UIMainStoryboardFile = Main;
				INFOPLIST_KEY_UISupportedInterfaceOrientations_iPad = "UIInterfaceOrientationPortrait UIInterfaceOrientationPortraitUpsideDown UIInterfaceOrientationLandscapeLeft UIInterfaceOrientationLandscapeRight";
				INFOPLIST_KEY_UISupportedInterfaceOrientations_iPhone = "UIInterfaceOrientationPortrait UIInterfaceOrientationLandscapeLeft UIInterfaceOrientationLandscapeRight";
				LD_RUNPATH_SEARCH_PATHS = (
					"$(inherited)",
					"@executable_path/Frameworks",
				);
				MARKETING_VERSION = 1.0;
				PRODUCT_BUNDLE_IDENTIFIER = com.mellon.ViperTRY;
				PRODUCT_NAME = "$(TARGET_NAME)";
				SWIFT_EMIT_LOC_STRINGS = YES;
				SWIFT_VERSION = 5.0;
				TARGETED_DEVICE_FAMILY = "1,2";
			};
			name = Debug;
		};
		69A90A612D843070003A2255 /* Release */ = {
			isa = XCBuildConfiguration;
			buildSettings = {
				ASSETCATALOG_COMPILER_APPICON_NAME = AppIcon;
				ASSETCATALOG_COMPILER_GLOBAL_ACCENT_COLOR_NAME = AccentColor;
				CODE_SIGN_STYLE = Automatic;
				CURRENT_PROJECT_VERSION = 1;
				DEVELOPMENT_TEAM = AQAGJQ52MF;
				GENERATE_INFOPLIST_FILE = YES;
				INFOPLIST_FILE = ViperExample/Resource/Info.plist;
				INFOPLIST_KEY_UIApplicationSupportsIndirectInputEvents = YES;
				INFOPLIST_KEY_UILaunchStoryboardName = LaunchScreen;
				INFOPLIST_KEY_UIMainStoryboardFile = Main;
				INFOPLIST_KEY_UISupportedInterfaceOrientations_iPad = "UIInterfaceOrientationPortrait UIInterfaceOrientationPortraitUpsideDown UIInterfaceOrientationLandscapeLeft UIInterfaceOrientationLandscapeRight";
				INFOPLIST_KEY_UISupportedInterfaceOrientations_iPhone = "UIInterfaceOrientationPortrait UIInterfaceOrientationLandscapeLeft UIInterfaceOrientationLandscapeRight";
				LD_RUNPATH_SEARCH_PATHS = (
					"$(inherited)",
					"@executable_path/Frameworks",
				);
				MARKETING_VERSION = 1.0;
				PRODUCT_BUNDLE_IDENTIFIER = com.mellon.ViperTRY;
				PRODUCT_NAME = "$(TARGET_NAME)";
				SWIFT_EMIT_LOC_STRINGS = YES;
				SWIFT_VERSION = 5.0;
				TARGETED_DEVICE_FAMILY = "1,2";
			};
			name = Release;
		};
		69A90A622D843070003A2255 /* Debug */ = {
			isa = XCBuildConfiguration;
			buildSettings = {
				ALWAYS_SEARCH_USER_PATHS = NO;
				ASSETCATALOG_COMPILER_GENERATE_SWIFT_ASSET_SYMBOL_EXTENSIONS = YES;
				CLANG_ANALYZER_NONNULL = YES;
				CLANG_ANALYZER_NUMBER_OBJECT_CONVERSION = YES_AGGRESSIVE;
				CLANG_CXX_LANGUAGE_STANDARD = "gnu++20";
				CLANG_ENABLE_MODULES = YES;
				CLANG_ENABLE_OBJC_ARC = YES;
				CLANG_ENABLE_OBJC_WEAK = YES;
				CLANG_WARN_BLOCK_CAPTURE_AUTORELEASING = YES;
				CLANG_WARN_BOOL_CONVERSION = YES;
				CLANG_WARN_COMMA = YES;
				CLANG_WARN_CONSTANT_CONVERSION = YES;
				CLANG_WARN_DEPRECATED_OBJC_IMPLEMENTATIONS = YES;
				CLANG_WARN_DIRECT_OBJC_ISA_USAGE = YES_ERROR;
				CLANG_WARN_DOCUMENTATION_COMMENTS = YES;
				CLANG_WARN_EMPTY_BODY = YES;
				CLANG_WARN_ENUM_CONVERSION = YES;
				CLANG_WARN_INFINITE_RECURSION = YES;
				CLANG_WARN_INT_CONVERSION = YES;
				CLANG_WARN_NON_LITERAL_NULL_CONVERSION = YES;
				CLANG_WARN_OBJC_IMPLICIT_RETAIN_SELF = YES;
				CLANG_WARN_OBJC_LITERAL_CONVERSION = YES;
				CLANG_WARN_OBJC_ROOT_CLASS = YES_ERROR;
				CLANG_WARN_QUOTED_INCLUDE_IN_FRAMEWORK_HEADER = YES;
				CLANG_WARN_RANGE_LOOP_ANALYSIS = YES;
				CLANG_WARN_STRICT_PROTOTYPES = YES;
				CLANG_WARN_SUSPICIOUS_MOVE = YES;
				CLANG_WARN_UNGUARDED_AVAILABILITY = YES_AGGRESSIVE;
				CLANG_WARN_UNREACHABLE_CODE = YES;
				CLANG_WARN__DUPLICATE_METHOD_MATCH = YES;
				COPY_PHASE_STRIP = NO;
				DEBUG_INFORMATION_FORMAT = dwarf;
				ENABLE_STRICT_OBJC_MSGSEND = YES;
				ENABLE_TESTABILITY = YES;
				ENABLE_USER_SCRIPT_SANDBOXING = YES;
				GCC_C_LANGUAGE_STANDARD = gnu17;
				GCC_DYNAMIC_NO_PIC = NO;
				GCC_NO_COMMON_BLOCKS = YES;
				GCC_OPTIMIZATION_LEVEL = 0;
				GCC_PREPROCESSOR_DEFINITIONS = (
					"DEBUG=1",
					"$(inherited)",
				);
				GCC_WARN_64_TO_32_BIT_CONVERSION = YES;
				GCC_WARN_ABOUT_RETURN_TYPE = YES_ERROR;
				GCC_WARN_UNDECLARED_SELECTOR = YES;
				GCC_WARN_UNINITIALIZED_AUTOS = YES_AGGRESSIVE;
				GCC_WARN_UNUSED_FUNCTION = YES;
				GCC_WARN_UNUSED_VARIABLE = YES;
				IPHONEOS_DEPLOYMENT_TARGET = 18.2;
				LOCALIZATION_PREFERS_STRING_CATALOGS = YES;
				MTL_ENABLE_DEBUG_INFO = INCLUDE_SOURCE;
				MTL_FAST_MATH = YES;
				ONLY_ACTIVE_ARCH = YES;
				SDKROOT = iphoneos;
				SWIFT_ACTIVE_COMPILATION_CONDITIONS = "DEBUG $(inherited)";
				SWIFT_OPTIMIZATION_LEVEL = "-Onone";
			};
			name = Debug;
		};
		69A90A632D843070003A2255 /* Release */ = {
			isa = XCBuildConfiguration;
			buildSettings = {
				ALWAYS_SEARCH_USER_PATHS = NO;
				ASSETCATALOG_COMPILER_GENERATE_SWIFT_ASSET_SYMBOL_EXTENSIONS = YES;
				CLANG_ANALYZER_NONNULL = YES;
				CLANG_ANALYZER_NUMBER_OBJECT_CONVERSION = YES_AGGRESSIVE;
				CLANG_CXX_LANGUAGE_STANDARD = "gnu++20";
				CLANG_ENABLE_MODULES = YES;
				CLANG_ENABLE_OBJC_ARC = YES;
				CLANG_ENABLE_OBJC_WEAK = YES;
				CLANG_WARN_BLOCK_CAPTURE_AUTORELEASING = YES;
				CLANG_WARN_BOOL_CONVERSION = YES;
				CLANG_WARN_COMMA = YES;
				CLANG_WARN_CONSTANT_CONVERSION = YES;
				CLANG_WARN_DEPRECATED_OBJC_IMPLEMENTATIONS = YES;
				CLANG_WARN_DIRECT_OBJC_ISA_USAGE = YES_ERROR;
				CLANG_WARN_DOCUMENTATION_COMMENTS = YES;
				CLANG_WARN_EMPTY_BODY = YES;
				CLANG_WARN_ENUM_CONVERSION = YES;
				CLANG_WARN_INFINITE_RECURSION = YES;
				CLANG_WARN_INT_CONVERSION = YES;
				CLANG_WARN_NON_LITERAL_NULL_CONVERSION = YES;
				CLANG_WARN_OBJC_IMPLICIT_RETAIN_SELF = YES;
				CLANG_WARN_OBJC_LITERAL_CONVERSION = YES;
				CLANG_WARN_OBJC_ROOT_CLASS = YES_ERROR;
				CLANG_WARN_QUOTED_INCLUDE_IN_FRAMEWORK_HEADER = YES;
				CLANG_WARN_RANGE_LOOP_ANALYSIS = YES;
				CLANG_WARN_STRICT_PROTOTYPES = YES;
				CLANG_WARN_SUSPICIOUS_MOVE = YES;
				CLANG_WARN_UNGUARDED_AVAILABILITY = YES_AGGRESSIVE;
				CLANG_WARN_UNREACHABLE_CODE = YES;
				CLANG_WARN__DUPLICATE_METHOD_MATCH = YES;
				COPY_PHASE_STRIP = NO;
				DEBUG_INFORMATION_FORMAT = "dwarf-with-dsym";
				ENABLE_NS_ASSERTIONS = NO;
				ENABLE_STRICT_OBJC_MSGSEND = YES;
				ENABLE_USER_SCRIPT_SANDBOXING = YES;
				GCC_C_LANGUAGE_STANDARD = gnu17;
				GCC_NO_COMMON_BLOCKS = YES;
				GCC_WARN_64_TO_32_BIT_CONVERSION = YES;
				GCC_WARN_ABOUT_RETURN_TYPE = YES_ERROR;
				GCC_WARN_UNDECLARED_SELECTOR = YES;
				GCC_WARN_UNINITIALIZED_AUTOS = YES_AGGRESSIVE;
				GCC_WARN_UNUSED_FUNCTION = YES;
				GCC_WARN_UNUSED_VARIABLE = YES;
				IPHONEOS_DEPLOYMENT_TARGET = 18.2;
				LOCALIZATION_PREFERS_STRING_CATALOGS = YES;
				MTL_ENABLE_DEBUG_INFO = NO;
				MTL_FAST_MATH = YES;
				SDKROOT = iphoneos;
				SWIFT_COMPILATION_MODE = wholemodule;
				VALIDATE_PRODUCT = YES;
			};
			name = Release;
		};
/* End XCBuildConfiguration section */

/* Begin XCConfigurationList section */
		69A90A472D84306D003A2255 /* Build configuration list for PBXProject "ViperTRY" */ = {
			isa = XCConfigurationList;
			buildConfigurations = (
				69A90A622D843070003A2255 /* Debug */,
				69A90A632D843070003A2255 /* Release */,
			);
			defaultConfigurationIsVisible = 0;
			defaultConfigurationName = Release;
		};
		69A90A5F2D843070003A2255 /* Build configuration list for PBXNativeTarget "ViperTRY" */ = {
			isa = XCConfigurationList;
			buildConfigurations = (
				69A90A602D843070003A2255 /* Debug */,
				69A90A612D843070003A2255 /* Release */,
			);
			defaultConfigurationIsVisible = 0;
			defaultConfigurationName = Release;
		};
/* End XCConfigurationList section */
	};
	rootObject = 69A90A442D84306D003A2255 /* Project object */;
}
